
Microsoft Visual Studio Solution File, Format Version 12.00
# Visual Studio Version 17
VisualStudioVersion = 17.8.34330.188
MinimumVisualStudioVersion = 10.0.40219.1
Project("{FAE04EC0-301F-11D3-BF4B-00C04F79EFBC}") = "BlazorApp2", "BlazorApp2\BlazorApp2.csproj", "{0FA2D779-1457-441F-A082-78BECD9CE688}"
EndProject
Global
	GlobalSection(SolutionConfigurationPlatforms) = preSolution
		Debug|Any CPU = Debug|Any CPU
		Release|Any CPU = Release|Any CPU
	EndGlobalSection
	GlobalSection(ProjectConfigurationPlatforms) = postSolution
		{0FA2D779-1457-441F-A082-78BECD9CE688}.Debug|Any CPU.ActiveCfg = Debug|Any CPU
		{0FA2D779-1457-441F-A082-78BECD9CE688}.Debug|Any CPU.Build.0 = Debug|Any CPU
		{0FA2D779-1457-441F-A082-78BECD9CE688}.Release|Any CPU.ActiveCfg = Release|Any CPU
		{0FA2D779-1457-441F-A082-78BECD9CE688}.Release|Any CPU.Build.0 = Release|Any CPU
	EndGlobalSection
	GlobalSection(SolutionProperties) = preSolution
		HideSolutionNode = FALSE
	EndGlobalSection
	GlobalSection(ExtensibilityGlobals) = postSolution
		SolutionGuid = {51CD32CE-DC47-45A4-A06A-0C18DE5275A9}
	EndGlobalSection
EndGlobal
